
Microsoft Visual Studio Solution File, Format Version 12.00
# Visual Studio Version 17
VisualStudioVersion = 17.3.32929.385
MinimumVisualStudioVersion = 10.0.40219.1
Project("{FAE04EC0-301F-11D3-BF4B-00C04F79EFBC}") = "6", "6.csproj", "{249492A1-9A24-4487-BFB9-E458A3CC17DC}"
EndProject
Global
	GlobalSection(SolutionConfigurationPlatforms) = preSolution
		Debug|Any CPU = Debug|Any CPU
		Release|Any CPU = Release|Any CPU
	EndGlobalSection
	GlobalSection(ProjectConfigurationPlatforms) = postSolution
		{249492A1-9A24-4487-BFB9-E458A3CC17DC}.Debug|Any CPU.ActiveCfg = Debug|Any CPU
		{249492A1-9A24-4487-BFB9-E458A3CC17DC}.Debug|Any CPU.Build.0 = Debug|Any CPU
		{249492A1-9A24-4487-BFB9-E458A3CC17DC}.Release|Any CPU.ActiveCfg = Release|Any CPU
		{249492A1-9A24-4487-BFB9-E458A3CC17DC}.Release|Any CPU.Build.0 = Release|Any CPU
	EndGlobalSection
	GlobalSection(SolutionProperties) = preSolution
		HideSolutionNode = FALSE
	EndGlobalSection
	GlobalSection(ExtensibilityGlobals) = postSolution
		SolutionGuid = {5B4CD344-1EDF-4CA9-813A-C202E0E4DC2F}
	EndGlobalSection
EndGlobal
