
Microsoft Visual Studio Solution File, Format Version 12.00
# Visual Studio Version 17
VisualStudioVersion = 17.3.32929.385
MinimumVisualStudioVersion = 10.0.40219.1
Project("{FAE04EC0-301F-11D3-BF4B-00C04F79EFBC}") = "Mystack", "Mystack.csproj", "{3CCE30E9-0B69-4330-8712-98F584DC50F8}"
EndProject
Global
	GlobalSection(SolutionConfigurationPlatforms) = preSolution
		Debug|Any CPU = Debug|Any CPU
		Release|Any CPU = Release|Any CPU
	EndGlobalSection
	GlobalSection(ProjectConfigurationPlatforms) = postSolution
		{3CCE30E9-0B69-4330-8712-98F584DC50F8}.Debug|Any CPU.ActiveCfg = Debug|Any CPU
		{3CCE30E9-0B69-4330-8712-98F584DC50F8}.Debug|Any CPU.Build.0 = Debug|Any CPU
		{3CCE30E9-0B69-4330-8712-98F584DC50F8}.Release|Any CPU.ActiveCfg = Release|Any CPU
		{3CCE30E9-0B69-4330-8712-98F584DC50F8}.Release|Any CPU.Build.0 = Release|Any CPU
	EndGlobalSection
	GlobalSection(SolutionProperties) = preSolution
		HideSolutionNode = FALSE
	EndGlobalSection
	GlobalSection(ExtensibilityGlobals) = postSolution
		SolutionGuid = {BACE603A-87FE-4B3C-81AA-7AF97480E898}
	EndGlobalSection
EndGlobal
