
Microsoft Visual Studio Solution File, Format Version 12.00
# Visual Studio Version 17
VisualStudioVersion = 17.3.32929.385
MinimumVisualStudioVersion = 10.0.40219.1
Project("{FAE04EC0-301F-11D3-BF4B-00C04F79EFBC}") = "Assignment4", "Assignment4.csproj", "{5C9651E9-9955-47BA-A68F-C553CF790DB4}"
EndProject
Global
	GlobalSection(SolutionConfigurationPlatforms) = preSolution
		Debug|Any CPU = Debug|Any CPU
		Release|Any CPU = Release|Any CPU
	EndGlobalSection
	GlobalSection(ProjectConfigurationPlatforms) = postSolution
		{5C9651E9-9955-47BA-A68F-C553CF790DB4}.Debug|Any CPU.ActiveCfg = Debug|Any CPU
		{5C9651E9-9955-47BA-A68F-C553CF790DB4}.Debug|Any CPU.Build.0 = Debug|Any CPU
		{5C9651E9-9955-47BA-A68F-C553CF790DB4}.Release|Any CPU.ActiveCfg = Release|Any CPU
		{5C9651E9-9955-47BA-A68F-C553CF790DB4}.Release|Any CPU.Build.0 = Release|Any CPU
	EndGlobalSection
	GlobalSection(SolutionProperties) = preSolution
		HideSolutionNode = FALSE
	EndGlobalSection
	GlobalSection(ExtensibilityGlobals) = postSolution
		SolutionGuid = {EEA784A7-9044-4338-B829-1ACA5FD76E64}
	EndGlobalSection
EndGlobal
